
Microsoft Visual Studio Solution File, Format Version 12.00
# Visual Studio Version 17
VisualStudioVersion = 17.5.33530.505
MinimumVisualStudioVersion = 10.0.40219.1
Project("{FAE04EC0-301F-11D3-BF4B-00C04F79EFBC}") = "AirTekCodingChallenge", "AirTekCodingChallenge\AirTekCodingChallenge.csproj", "{D6E3BB42-6F32-4738-A002-11F7465DEB48}"
EndProject
Project("{FAE04EC0-301F-11D3-BF4B-00C04F79EFBC}") = "AirTekCodingChallenge.Tests", "AirTekCodingChallenge.Tests\AirTekCodingChallenge.Tests.csproj", "{D4EE8B28-EEF9-438D-9009-A75A3AF1A60F}"
EndProject
Global
	GlobalSection(SolutionConfigurationPlatforms) = preSolution
		Debug|Any CPU = Debug|Any CPU
		Release|Any CPU = Release|Any CPU
	EndGlobalSection
	GlobalSection(ProjectConfigurationPlatforms) = postSolution
		{D6E3BB42-6F32-4738-A002-11F7465DEB48}.Debug|Any CPU.ActiveCfg = Debug|Any CPU
		{D6E3BB42-6F32-4738-A002-11F7465DEB48}.Debug|Any CPU.Build.0 = Debug|Any CPU
		{D6E3BB42-6F32-4738-A002-11F7465DEB48}.Release|Any CPU.ActiveCfg = Release|Any CPU
		{D6E3BB42-6F32-4738-A002-11F7465DEB48}.Release|Any CPU.Build.0 = Release|Any CPU
		{D4EE8B28-EEF9-438D-9009-A75A3AF1A60F}.Debug|Any CPU.ActiveCfg = Debug|Any CPU
		{D4EE8B28-EEF9-438D-9009-A75A3AF1A60F}.Debug|Any CPU.Build.0 = Debug|Any CPU
		{D4EE8B28-EEF9-438D-9009-A75A3AF1A60F}.Release|Any CPU.ActiveCfg = Release|Any CPU
		{D4EE8B28-EEF9-438D-9009-A75A3AF1A60F}.Release|Any CPU.Build.0 = Release|Any CPU
	EndGlobalSection
	GlobalSection(SolutionProperties) = preSolution
		HideSolutionNode = FALSE
	EndGlobalSection
	GlobalSection(ExtensibilityGlobals) = postSolution
		SolutionGuid = {CFC2E63D-564D-40A5-BBAE-19BF15393147}
	EndGlobalSection
EndGlobal
